// !$*UTF8*$!
{
	archiveVersion = 1;
	classes = {
	};
	objectVersion = 46;
	objects = {

/* Begin PBXBuildFile section */
		7F7A1B311293C3693F2BFEC8 /* libPods-WeasleyClock.a in Frameworks */ = {isa = PBXBuildFile; fileRef = 67FA9CBE21F4A7AAAB78D632 /* libPods-WeasleyClock.a */; };
		FF553D5E1D8E30B600950D90 /* LocationSearchTableViewController.swift in Sources */ = {isa = PBXBuildFile; fileRef = FF553D5D1D8E30B600950D90 /* LocationSearchTableViewController.swift */; };
		FF553D641D8E691F00950D90 /* SimulateMapViewController.swift in Sources */ = {isa = PBXBuildFile; fileRef = FF553D631D8E691F00950D90 /* SimulateMapViewController.swift */; };
		FFA1B9B91D8D070D00375817 /* AppDelegate.swift in Sources */ = {isa = PBXBuildFile; fileRef = FFA1B9B81D8D070D00375817 /* AppDelegate.swift */; };
		FFA1B9BB1D8D070D00375817 /* PageViewController.swift in Sources */ = {isa = PBXBuildFile; fileRef = FFA1B9BA1D8D070D00375817 /* PageViewController.swift */; };
		FFA1B9BE1D8D070D00375817 /* Main.storyboard in Resources */ = {isa = PBXBuildFile; fileRef = FFA1B9BC1D8D070D00375817 /* Main.storyboard */; };
		FFA1B9C11D8D070D00375817 /* WeasleyClock.xcdatamodeld in Sources */ = {isa = PBXBuildFile; fileRef = FFA1B9BF1D8D070D00375817 /* WeasleyClock.xcdatamodeld */; };
		FFA1B9C31D8D070D00375817 /* Assets.xcassets in Resources */ = {isa = PBXBuildFile; fileRef = FFA1B9C21D8D070D00375817 /* Assets.xcassets */; };
		FFA1B9C61D8D070D00375817 /* LaunchScreen.storyboard in Resources */ = {isa = PBXBuildFile; fileRef = FFA1B9C41D8D070D00375817 /* LaunchScreen.storyboard */; };
		FFA1B9F11D8D183800375817 /* MainViewController.swift in Sources */ = {isa = PBXBuildFile; fileRef = FFA1B9F01D8D183800375817 /* MainViewController.swift */; };
		FFA1B9F31D8D243300375817 /* LocationsTableViewController.swift in Sources */ = {isa = PBXBuildFile; fileRef = FFA1B9F21D8D243300375817 /* LocationsTableViewController.swift */; };
		FFA1B9F51D8D283600375817 /* LocationTableViewCell.swift in Sources */ = {isa = PBXBuildFile; fileRef = FFA1B9F41D8D283600375817 /* LocationTableViewCell.swift */; };
		FFA1B9F91D8D899600375817 /* ClockViewController.swift in Sources */ = {isa = PBXBuildFile; fileRef = FFA1B9F81D8D899600375817 /* ClockViewController.swift */; };
		FFA1B9FB1D8D93E500375817 /* SettingsViewController.swift in Sources */ = {isa = PBXBuildFile; fileRef = FFA1B9FA1D8D93E500375817 /* SettingsViewController.swift */; };
		FFA1B9FD1D8D9F1000375817 /* AddLocationViewController.swift in Sources */ = {isa = PBXBuildFile; fileRef = FFA1B9FC1D8D9F1000375817 /* AddLocationViewController.swift */; };
		FFA1BA001D8E00D000375817 /* ClockHandView.swift in Sources */ = {isa = PBXBuildFile; fileRef = FFA1B9FF1D8E00D000375817 /* ClockHandView.swift */; };
/* End PBXBuildFile section */

/* Begin PBXFileReference section */
		3E2A4B13211C75ACEC110133 /* Pods-WeasleyClock.debug.xcconfig */ = {isa = PBXFileReference; includeInIndex = 1; lastKnownFileType = text.xcconfig; name = "Pods-WeasleyClock.debug.xcconfig"; path = "Pods/Target Support Files/Pods-WeasleyClock/Pods-WeasleyClock.debug.xcconfig"; sourceTree = "<group>"; };
		5B722CCB3D52A115912044CC /* Pods-WeasleyClock.release.xcconfig */ = {isa = PBXFileReference; includeInIndex = 1; lastKnownFileType = text.xcconfig; name = "Pods-WeasleyClock.release.xcconfig"; path = "Pods/Target Support Files/Pods-WeasleyClock/Pods-WeasleyClock.release.xcconfig"; sourceTree = "<group>"; };
		67FA9CBE21F4A7AAAB78D632 /* libPods-WeasleyClock.a */ = {isa = PBXFileReference; explicitFileType = archive.ar; includeInIndex = 0; path = "libPods-WeasleyClock.a"; sourceTree = BUILT_PRODUCTS_DIR; };
		FF553D5D1D8E30B600950D90 /* LocationSearchTableViewController.swift */ = {isa = PBXFileReference; fileEncoding = 4; lastKnownFileType = sourcecode.swift; path = LocationSearchTableViewController.swift; sourceTree = "<group>"; };
		FF553D631D8E691F00950D90 /* SimulateMapViewController.swift */ = {isa = PBXFileReference; fileEncoding = 4; lastKnownFileType = sourcecode.swift; path = SimulateMapViewController.swift; sourceTree = "<group>"; };
		FFA1B9B51D8D070D00375817 /* WeasleyClock.app */ = {isa = PBXFileReference; explicitFileType = wrapper.application; includeInIndex = 0; path = WeasleyClock.app; sourceTree = BUILT_PRODUCTS_DIR; };
		FFA1B9B81D8D070D00375817 /* AppDelegate.swift */ = {isa = PBXFileReference; lastKnownFileType = sourcecode.swift; path = AppDelegate.swift; sourceTree = "<group>"; };
		FFA1B9BA1D8D070D00375817 /* PageViewController.swift */ = {isa = PBXFileReference; lastKnownFileType = sourcecode.swift; path = PageViewController.swift; sourceTree = "<group>"; };
		FFA1B9BD1D8D070D00375817 /* Base */ = {isa = PBXFileReference; lastKnownFileType = file.storyboard; name = Base; path = Base.lproj/Main.storyboard; sourceTree = "<group>"; };
		FFA1B9C01D8D070D00375817 /* WeasleyClock.xcdatamodel */ = {isa = PBXFileReference; lastKnownFileType = wrapper.xcdatamodel; path = WeasleyClock.xcdatamodel; sourceTree = "<group>"; };
		FFA1B9C21D8D070D00375817 /* Assets.xcassets */ = {isa = PBXFileReference; lastKnownFileType = folder.assetcatalog; path = Assets.xcassets; sourceTree = "<group>"; };
		FFA1B9C51D8D070D00375817 /* Base */ = {isa = PBXFileReference; lastKnownFileType = file.storyboard; name = Base; path = Base.lproj/LaunchScreen.storyboard; sourceTree = "<group>"; };
		FFA1B9C71D8D070D00375817 /* Info.plist */ = {isa = PBXFileReference; lastKnownFileType = text.plist.xml; path = Info.plist; sourceTree = "<group>"; };
		FFA1B9F01D8D183800375817 /* MainViewController.swift */ = {isa = PBXFileReference; fileEncoding = 4; lastKnownFileType = sourcecode.swift; path = MainViewController.swift; sourceTree = "<group>"; };
		FFA1B9F21D8D243300375817 /* LocationsTableViewController.swift */ = {isa = PBXFileReference; fileEncoding = 4; lastKnownFileType = sourcecode.swift; path = LocationsTableViewController.swift; sourceTree = "<group>"; };
		FFA1B9F41D8D283600375817 /* LocationTableViewCell.swift */ = {isa = PBXFileReference; fileEncoding = 4; lastKnownFileType = sourcecode.swift; path = LocationTableViewCell.swift; sourceTree = "<group>"; };
		FFA1B9F81D8D899600375817 /* ClockViewController.swift */ = {isa = PBXFileReference; fileEncoding = 4; lastKnownFileType = sourcecode.swift; path = ClockViewController.swift; sourceTree = "<group>"; };
		FFA1B9FA1D8D93E500375817 /* SettingsViewController.swift */ = {isa = PBXFileReference; fileEncoding = 4; lastKnownFileType = sourcecode.swift; path = SettingsViewController.swift; sourceTree = "<group>"; };
		FFA1B9FC1D8D9F1000375817 /* AddLocationViewController.swift */ = {isa = PBXFileReference; fileEncoding = 4; lastKnownFileType = sourcecode.swift; path = AddLocationViewController.swift; sourceTree = "<group>"; };
		FFA1B9FE1D8DC96500375817 /* Bridging-Header.h */ = {isa = PBXFileReference; lastKnownFileType = sourcecode.c.h; path = "Bridging-Header.h"; sourceTree = "<group>"; };
		FFA1B9FF1D8E00D000375817 /* ClockHandView.swift */ = {isa = PBXFileReference; fileEncoding = 4; lastKnownFileType = sourcecode.swift; path = ClockHandView.swift; sourceTree = "<group>"; };
/* End PBXFileReference section */

/* Begin PBXFrameworksBuildPhase section */
		FFA1B9B21D8D070D00375817 /* Frameworks */ = {
			isa = PBXFrameworksBuildPhase;
			buildActionMask = 2147483647;
			files = (
				7F7A1B311293C3693F2BFEC8 /* libPods-WeasleyClock.a in Frameworks */,
			);
			runOnlyForDeploymentPostprocessing = 0;
		};
/* End PBXFrameworksBuildPhase section */

/* Begin PBXGroup section */
		64AEB9483DC22AAA0A0D501A /* Pods */ = {
			isa = PBXGroup;
			children = (
				3E2A4B13211C75ACEC110133 /* Pods-WeasleyClock.debug.xcconfig */,
				5B722CCB3D52A115912044CC /* Pods-WeasleyClock.release.xcconfig */,
			);
			name = Pods;
			sourceTree = "<group>";
		};
		7D6D93D05A31DF770B240D72 /* Frameworks */ = {
			isa = PBXGroup;
			children = (
				67FA9CBE21F4A7AAAB78D632 /* libPods-WeasleyClock.a */,
			);
			name = Frameworks;
			sourceTree = "<group>";
		};
		FFA1B9AC1D8D070D00375817 = {
			isa = PBXGroup;
			children = (
				FFA1B9B71D8D070D00375817 /* WeasleyClock */,
				FFA1B9B61D8D070D00375817 /* Products */,
				64AEB9483DC22AAA0A0D501A /* Pods */,
				7D6D93D05A31DF770B240D72 /* Frameworks */,
			);
			sourceTree = "<group>";
		};
		FFA1B9B61D8D070D00375817 /* Products */ = {
			isa = PBXGroup;
			children = (
				FFA1B9B51D8D070D00375817 /* WeasleyClock.app */,
			);
			name = Products;
			sourceTree = "<group>";
		};
		FFA1B9B71D8D070D00375817 /* WeasleyClock */ = {
			isa = PBXGroup;
			children = (
				FFA1B9B81D8D070D00375817 /* AppDelegate.swift */,
				FFA1B9BA1D8D070D00375817 /* PageViewController.swift */,
				FFA1B9F21D8D243300375817 /* LocationsTableViewController.swift */,
				FFA1B9FC1D8D9F1000375817 /* AddLocationViewController.swift */,
				FFA1B9F01D8D183800375817 /* MainViewController.swift */,
				FFA1B9FE1D8DC96500375817 /* Bridging-Header.h */,
				FFA1B9BC1D8D070D00375817 /* Main.storyboard */,
				FF553D631D8E691F00950D90 /* SimulateMapViewController.swift */,
				FF553D5D1D8E30B600950D90 /* LocationSearchTableViewController.swift */,
				FFA1B9FF1D8E00D000375817 /* ClockHandView.swift */,
				FFA1B9FA1D8D93E500375817 /* SettingsViewController.swift */,
				FFA1B9F81D8D899600375817 /* ClockViewController.swift */,
				FFA1B9F41D8D283600375817 /* LocationTableViewCell.swift */,
				FFA1B9C21D8D070D00375817 /* Assets.xcassets */,
				FFA1B9C41D8D070D00375817 /* LaunchScreen.storyboard */,
				FFA1B9C71D8D070D00375817 /* Info.plist */,
				FFA1B9BF1D8D070D00375817 /* WeasleyClock.xcdatamodeld */,
			);
			path = WeasleyClock;
			sourceTree = "<group>";
		};
/* End PBXGroup section */

/* Begin PBXNativeTarget section */
		FFA1B9B41D8D070D00375817 /* WeasleyClock */ = {
			isa = PBXNativeTarget;
			buildConfigurationList = FFA1B9CA1D8D070D00375817 /* Build configuration list for PBXNativeTarget "WeasleyClock" */;
			buildPhases = (
				8B75F0B724BBF8525EC922CD /* [CP] Check Pods Manifest.lock */,
				FFA1B9B11D8D070D00375817 /* Sources */,
				FFA1B9B21D8D070D00375817 /* Frameworks */,
				FFA1B9B31D8D070D00375817 /* Resources */,
				03F4625F875FC80FF22044F1 /* [CP] Embed Pods Frameworks */,
				D4605D3940AAE71682337036 /* [CP] Copy Pods Resources */,
			);
			buildRules = (
			);
			dependencies = (
			);
			name = WeasleyClock;
			productName = WeasleyClock;
			productReference = FFA1B9B51D8D070D00375817 /* WeasleyClock.app */;
			productType = "com.apple.product-type.application";
		};
/* End PBXNativeTarget section */

/* Begin PBXProject section */
		FFA1B9AD1D8D070D00375817 /* Project object */ = {
			isa = PBXProject;
			attributes = {
				LastSwiftUpdateCheck = 0800;
				LastUpgradeCheck = 0800;
				ORGANIZATIONNAME = "Michelle Mabuyo";
				TargetAttributes = {
					FFA1B9B41D8D070D00375817 = {
						CreatedOnToolsVersion = 8.0;
						DevelopmentTeam = 33V38WJ343;
						ProvisioningStyle = Automatic;
					};
				};
			};
			buildConfigurationList = FFA1B9B01D8D070D00375817 /* Build configuration list for PBXProject "WeasleyClock" */;
			compatibilityVersion = "Xcode 3.2";
			developmentRegion = English;
			hasScannedForEncodings = 0;
			knownRegions = (
				en,
				Base,
			);
			mainGroup = FFA1B9AC1D8D070D00375817;
			productRefGroup = FFA1B9B61D8D070D00375817 /* Products */;
			projectDirPath = "";
			projectRoot = "";
			targets = (
				FFA1B9B41D8D070D00375817 /* WeasleyClock */,
			);
		};
/* End PBXProject section */

/* Begin PBXResourcesBuildPhase section */
		FFA1B9B31D8D070D00375817 /* Resources */ = {
			isa = PBXResourcesBuildPhase;
			buildActionMask = 2147483647;
			files = (
				FFA1B9C61D8D070D00375817 /* LaunchScreen.storyboard in Resources */,
				FFA1B9C31D8D070D00375817 /* Assets.xcassets in Resources */,
				FFA1B9BE1D8D070D00375817 /* Main.storyboard in Resources */,
			);
			runOnlyForDeploymentPostprocessing = 0;
		};
/* End PBXResourcesBuildPhase section */

/* Begin PBXShellScriptBuildPhase section */
		03F4625F875FC80FF22044F1 /* [CP] Embed Pods Frameworks */ = {
			isa = PBXShellScriptBuildPhase;
			buildActionMask = 2147483647;
			files = (
			);
			inputPaths = (
			);
			name = "[CP] Embed Pods Frameworks";
			outputPaths = (
			);
			runOnlyForDeploymentPostprocessing = 0;
			shellPath = /bin/sh;
			shellScript = "\"${SRCROOT}/Pods/Target Support Files/Pods-WeasleyClock/Pods-WeasleyClock-frameworks.sh\"\n";
			showEnvVarsInLog = 0;
		};
		8B75F0B724BBF8525EC922CD /* [CP] Check Pods Manifest.lock */ = {
			isa = PBXShellScriptBuildPhase;
			buildActionMask = 2147483647;
			files = (
			);
			inputPaths = (
			);
			name = "[CP] Check Pods Manifest.lock";
			outputPaths = (
			);
			runOnlyForDeploymentPostprocessing = 0;
			shellPath = /bin/sh;
			shellScript = "diff \"${PODS_ROOT}/../Podfile.lock\" \"${PODS_ROOT}/Manifest.lock\" > /dev/null\nif [[ $? != 0 ]] ; then\n    cat << EOM\nerror: The sandbox is not in sync with the Podfile.lock. Run 'pod install' or update your CocoaPods installation.\nEOM\n    exit 1\nfi\n";
			showEnvVarsInLog = 0;
		};
		D4605D3940AAE71682337036 /* [CP] Copy Pods Resources */ = {
			isa = PBXShellScriptBuildPhase;
			buildActionMask = 2147483647;
			files = (
			);
			inputPaths = (
			);
			name = "[CP] Copy Pods Resources";
			outputPaths = (
			);
			runOnlyForDeploymentPostprocessing = 0;
			shellPath = /bin/sh;
			shellScript = "\"${SRCROOT}/Pods/Target Support Files/Pods-WeasleyClock/Pods-WeasleyClock-resources.sh\"\n";
			showEnvVarsInLog = 0;
		};
/* End PBXShellScriptBuildPhase section */

/* Begin PBXSourcesBuildPhase section */
		FFA1B9B11D8D070D00375817 /* Sources */ = {
			isa = PBXSourcesBuildPhase;
			buildActionMask = 2147483647;
			files = (
				FFA1B9F51D8D283600375817 /* LocationTableViewCell.swift in Sources */,
				FFA1B9F31D8D243300375817 /* LocationsTableViewController.swift in Sources */,
				FFA1B9BB1D8D070D00375817 /* PageViewController.swift in Sources */,
				FF553D641D8E691F00950D90 /* SimulateMapViewController.swift in Sources */,
				FFA1B9C11D8D070D00375817 /* WeasleyClock.xcdatamodeld in Sources */,
				FFA1BA001D8E00D000375817 /* ClockHandView.swift in Sources */,
				FFA1B9FD1D8D9F1000375817 /* AddLocationViewController.swift in Sources */,
				FFA1B9B91D8D070D00375817 /* AppDelegate.swift in Sources */,
				FFA1B9F11D8D183800375817 /* MainViewController.swift in Sources */,
				FF553D5E1D8E30B600950D90 /* LocationSearchTableViewController.swift in Sources */,
				FFA1B9F91D8D899600375817 /* ClockViewController.swift in Sources */,
				FFA1B9FB1D8D93E500375817 /* SettingsViewController.swift in Sources */,
			);
			runOnlyForDeploymentPostprocessing = 0;
		};
/* End PBXSourcesBuildPhase section */

/* Begin PBXVariantGroup section */
		FFA1B9BC1D8D070D00375817 /* Main.storyboard */ = {
			isa = PBXVariantGroup;
			children = (
				FFA1B9BD1D8D070D00375817 /* Base */,
			);
			name = Main.storyboard;
			sourceTree = "<group>";
		};
		FFA1B9C41D8D070D00375817 /* LaunchScreen.storyboard */ = {
			isa = PBXVariantGroup;
			children = (
				FFA1B9C51D8D070D00375817 /* Base */,
			);
			name = LaunchScreen.storyboard;
			sourceTree = "<group>";
		};
/* End PBXVariantGroup section */

/* Begin XCBuildConfiguration section */
		FFA1B9C81D8D070D00375817 /* Debug */ = {
			isa = XCBuildConfiguration;
			buildSettings = {
				ALWAYS_SEARCH_USER_PATHS = NO;
				CLANG_ANALYZER_NONNULL = YES;
				CLANG_CXX_LANGUAGE_STANDARD = "gnu++0x";
				CLANG_CXX_LIBRARY = "libc++";
				CLANG_ENABLE_MODULES = YES;
				CLANG_ENABLE_OBJC_ARC = YES;
				CLANG_WARN_BOOL_CONVERSION = YES;
				CLANG_WARN_CONSTANT_CONVERSION = YES;
				CLANG_WARN_DIRECT_OBJC_ISA_USAGE = YES_ERROR;
				CLANG_WARN_DOCUMENTATION_COMMENTS = YES;
				CLANG_WARN_EMPTY_BODY = YES;
				CLANG_WARN_ENUM_CONVERSION = YES;
				CLANG_WARN_INFINITE_RECURSION = YES;
				CLANG_WARN_INT_CONVERSION = YES;
				CLANG_WARN_OBJC_ROOT_CLASS = YES_ERROR;
				CLANG_WARN_SUSPICIOUS_MOVES = YES;
				CLANG_WARN_UNREACHABLE_CODE = YES;
				CLANG_WARN__DUPLICATE_METHOD_MATCH = YES;
				"CODE_SIGN_IDENTITY[sdk=iphoneos*]" = "iPhone Developer";
				COPY_PHASE_STRIP = NO;
				DEBUG_INFORMATION_FORMAT = dwarf;
				ENABLE_STRICT_OBJC_MSGSEND = YES;
				ENABLE_TESTABILITY = YES;
				GCC_C_LANGUAGE_STANDARD = gnu99;
				GCC_DYNAMIC_NO_PIC = NO;
				GCC_NO_COMMON_BLOCKS = YES;
				GCC_OPTIMIZATION_LEVEL = 0;
				GCC_PREPROCESSOR_DEFINITIONS = (
					"DEBUG=1",
					"$(inherited)",
				);
				GCC_WARN_64_TO_32_BIT_CONVERSION = YES;
				GCC_WARN_ABOUT_RETURN_TYPE = YES_ERROR;
				GCC_WARN_UNDECLARED_SELECTOR = YES;
				GCC_WARN_UNINITIALIZED_AUTOS = YES_AGGRESSIVE;
				GCC_WARN_UNUSED_FUNCTION = YES;
				GCC_WARN_UNUSED_VARIABLE = YES;
				IPHONEOS_DEPLOYMENT_TARGET = 10.0;
				MTL_ENABLE_DEBUG_INFO = YES;
				ONLY_ACTIVE_ARCH = YES;
				SDKROOT = iphoneos;
				SWIFT_ACTIVE_COMPILATION_CONDITIONS = DEBUG;
				SWIFT_OPTIMIZATION_LEVEL = "-Onone";
				TARGETED_DEVICE_FAMILY = "1,2";
				USER_HEADER_SEARCH_PATHS = "Pods/**";
			};
			name = Debug;
		};
		FFA1B9C91D8D070D00375817 /* Release */ = {
			isa = XCBuildConfiguration;
			buildSettings = {
				ALWAYS_SEARCH_USER_PATHS = NO;
				CLANG_ANALYZER_NONNULL = YES;
				CLANG_CXX_LANGUAGE_STANDARD = "gnu++0x";
				CLANG_CXX_LIBRARY = "libc++";
				CLANG_ENABLE_MODULES = YES;
				CLANG_ENABLE_OBJC_ARC = YES;
				CLANG_WARN_BOOL_CONVERSION = YES;
				CLANG_WARN_CONSTANT_CONVERSION = YES;
				CLANG_WARN_DIRECT_OBJC_ISA_USAGE = YES_ERROR;
				CLANG_WARN_DOCUMENTATION_COMMENTS = YES;
				CLANG_WARN_EMPTY_BODY = YES;
				CLANG_WARN_ENUM_CONVERSION = YES;
				CLANG_WARN_INFINITE_RECURSION = YES;
				CLANG_WARN_INT_CONVERSION = YES;
				CLANG_WARN_OBJC_ROOT_CLASS = YES_ERROR;
				CLANG_WARN_SUSPICIOUS_MOVES = YES;
				CLANG_WARN_UNREACHABLE_CODE = YES;
				CLANG_WARN__DUPLICATE_METHOD_MATCH = YES;
				"CODE_SIGN_IDENTITY[sdk=iphoneos*]" = "iPhone Developer";
				COPY_PHASE_STRIP = NO;
				DEBUG_INFORMATION_FORMAT = "dwarf-with-dsym";
				ENABLE_NS_ASSERTIONS = NO;
				ENABLE_STRICT_OBJC_MSGSEND = YES;
				GCC_C_LANGUAGE_STANDARD = gnu99;
				GCC_NO_COMMON_BLOCKS = YES;
				GCC_WARN_64_TO_32_BIT_CONVERSION = YES;
				GCC_WARN_ABOUT_RETURN_TYPE = YES_ERROR;
				GCC_WARN_UNDECLARED_SELECTOR = YES;
				GCC_WARN_UNINITIALIZED_AUTOS = YES_AGGRESSIVE;
				GCC_WARN_UNUSED_FUNCTION = YES;
				GCC_WARN_UNUSED_VARIABLE = YES;
				IPHONEOS_DEPLOYMENT_TARGET = 10.0;
				MTL_ENABLE_DEBUG_INFO = NO;
				SDKROOT = iphoneos;
				SWIFT_OPTIMIZATION_LEVEL = "-Owholemodule";
				TARGETED_DEVICE_FAMILY = "1,2";
				USER_HEADER_SEARCH_PATHS = "Pods/**";
				VALIDATE_PRODUCT = YES;
			};
			name = Release;
		};
		FFA1B9CB1D8D070D00375817 /* Debug */ = {
			isa = XCBuildConfiguration;
			baseConfigurationReference = 3E2A4B13211C75ACEC110133 /* Pods-WeasleyClock.debug.xcconfig */;
			buildSettings = {
				ASSETCATALOG_COMPILER_APPICON_NAME = AppIcon;
				DEVELOPMENT_TEAM = 33V38WJ343;
				INFOPLIST_FILE = WeasleyClock/Info.plist;
				LD_RUNPATH_SEARCH_PATHS = "$(inherited) @executable_path/Frameworks";
				PRODUCT_BUNDLE_IDENTIFIER = com.htn.WeasleyClock;
				PRODUCT_NAME = "$(TARGET_NAME)";
				SWIFT_OBJC_BRIDGING_HEADER = "WeasleyClock/Bridging-Header.h";
				SWIFT_VERSION = 3.0;
			};
			name = Debug;
		};
		FFA1B9CC1D8D070D00375817 /* Release */ = {
			isa = XCBuildConfiguration;
			baseConfigurationReference = 5B722CCB3D52A115912044CC /* Pods-WeasleyClock.release.xcconfig */;
			buildSettings = {
				ASSETCATALOG_COMPILER_APPICON_NAME = AppIcon;
				DEVELOPMENT_TEAM = 33V38WJ343;
				INFOPLIST_FILE = WeasleyClock/Info.plist;
				LD_RUNPATH_SEARCH_PATHS = "$(inherited) @executable_path/Frameworks";
				PRODUCT_BUNDLE_IDENTIFIER = com.htn.WeasleyClock;
				PRODUCT_NAME = "$(TARGET_NAME)";
				SWIFT_OBJC_BRIDGING_HEADER = "WeasleyClock/Bridging-Header.h";
				SWIFT_VERSION = 3.0;
			};
			name = Release;
		};
/* End XCBuildConfiguration section */

/* Begin XCConfigurationList section */
		FFA1B9B01D8D070D00375817 /* Build configuration list for PBXProject "WeasleyClock" */ = {
			isa = XCConfigurationList;
			buildConfigurations = (
				FFA1B9C81D8D070D00375817 /* Debug */,
				FFA1B9C91D8D070D00375817 /* Release */,
			);
			defaultConfigurationIsVisible = 0;
			defaultConfigurationName = Release;
		};
		FFA1B9CA1D8D070D00375817 /* Build configuration list for PBXNativeTarget "WeasleyClock" */ = {
			isa = XCConfigurationList;
			buildConfigurations = (
				FFA1B9CB1D8D070D00375817 /* Debug */,
				FFA1B9CC1D8D070D00375817 /* Release */,
			);
			defaultConfigurationIsVisible = 0;
			defaultConfigurationName = Release;
		};
/* End XCConfigurationList section */

/* Begin XCVersionGroup section */
		FFA1B9BF1D8D070D00375817 /* WeasleyClock.xcdatamodeld */ = {
			isa = XCVersionGroup;
			children = (
				FFA1B9C01D8D070D00375817 /* WeasleyClock.xcdatamodel */,
			);
			currentVersion = FFA1B9C01D8D070D00375817 /* WeasleyClock.xcdatamodel */;
			path = WeasleyClock.xcdatamodeld;
			sourceTree = "<group>";
			versionGroupType = wrapper.xcdatamodel;
		};
/* End XCVersionGroup section */
	};
	rootObject = FFA1B9AD1D8D070D00375817 /* Project object */;
}
